
Microsoft Visual Studio Solution File, Format Version 12.00
# Visual Studio Version 17
VisualStudioVersion = 17.7.34024.191
MinimumVisualStudioVersion = 10.0.40219.1
Project("{FAE04EC0-301F-11D3-BF4B-00C04F79EFBC}") = "AIPrompts", "AIPrompts.csproj", "{514E0CA6-BC69-49D3-8DAA-859644FADB22}"
EndProject
Global
	GlobalSection(SolutionConfigurationPlatforms) = preSolution
		Debug|Any CPU = Debug|Any CPU
		Release|Any CPU = Release|Any CPU
	EndGlobalSection
	GlobalSection(ProjectConfigurationPlatforms) = postSolution
		{514E0CA6-BC69-49D3-8DAA-859644FADB22}.Debug|Any CPU.ActiveCfg = Debug|Any CPU
		{514E0CA6-BC69-49D3-8DAA-859644FADB22}.Debug|Any CPU.Build.0 = Debug|Any CPU
		{514E0CA6-BC69-49D3-8DAA-859644FADB22}.Release|Any CPU.ActiveCfg = Release|Any CPU
		{514E0CA6-BC69-49D3-8DAA-859644FADB22}.Release|Any CPU.Build.0 = Release|Any CPU
	EndGlobalSection
	GlobalSection(SolutionProperties) = preSolution
		HideSolutionNode = FALSE
	EndGlobalSection
	GlobalSection(ExtensibilityGlobals) = postSolution
		SolutionGuid = {03FB66EF-F49F-4E37-A13A-24669A540B14}
	EndGlobalSection
EndGlobal
